// !$*UTF8*$!
{
	archiveVersion = 1;
	classes = {
	};
	objectVersion = 50;
	objects = {

/* Begin PBXBuildFile section */
		6142515C24BAC1E400258BD8 /* FavroiteBeerNotification.swift in Sources */ = {isa = PBXBuildFile; fileRef = 6142515B24BAC1E400258BD8 /* FavroiteBeerNotification.swift */; };
		6142515E24BB913300258BD8 /* GeofencingManager.swift in Sources */ = {isa = PBXBuildFile; fileRef = 6142515D24BB913300258BD8 /* GeofencingManager.swift */; };
		6142516524BBA18300258BD8 /* OnboardingView.swift in Sources */ = {isa = PBXBuildFile; fileRef = 6142516424BBA18300258BD8 /* OnboardingView.swift */; };
		6142516724BBC14B00258BD8 /* ViewController+Onboarding.swift in Sources */ = {isa = PBXBuildFile; fileRef = 6142516624BBC14B00258BD8 /* ViewController+Onboarding.swift */; };
		6142516B24BD29E200258BD8 /* OnboardingModel.swift in Sources */ = {isa = PBXBuildFile; fileRef = 6142516A24BD29E200258BD8 /* OnboardingModel.swift */; };
		614251D324BE1EBB00258BD8 /* OnboardingScrollViewController.swift in Sources */ = {isa = PBXBuildFile; fileRef = 614251D224BE1EBB00258BD8 /* OnboardingScrollViewController.swift */; };
		6147A12E2469B310000508FE /* OnTapModel.swift in Sources */ = {isa = PBXBuildFile; fileRef = 6147A12D2469B310000508FE /* OnTapModel.swift */; };
		6147A131246AF57E000508FE /* UIButton+additions.swift in Sources */ = {isa = PBXBuildFile; fileRef = 6147A130246AF57E000508FE /* UIButton+additions.swift */; };
		6147A133246B3D38000508FE /* SocialMediaIconsStackView.swift in Sources */ = {isa = PBXBuildFile; fileRef = 6147A132246B3D38000508FE /* SocialMediaIconsStackView.swift */; };
		6147A135246B41EA000508FE /* ContactIconsStackView.swift in Sources */ = {isa = PBXBuildFile; fileRef = 6147A134246B41EA000508FE /* ContactIconsStackView.swift */; };
		6147A137246B467D000508FE /* Contact.swift in Sources */ = {isa = PBXBuildFile; fileRef = 6147A136246B467D000508FE /* Contact.swift */; };
		61518CFF245330D300011BB4 /* AppDelegate.swift in Sources */ = {isa = PBXBuildFile; fileRef = 61518CFE245330D300011BB4 /* AppDelegate.swift */; };
		61518D01245330D300011BB4 /* SceneDelegate.swift in Sources */ = {isa = PBXBuildFile; fileRef = 61518D00245330D300011BB4 /* SceneDelegate.swift */; };
		61518D04245330D300011BB4 /* Mraz.xcdatamodeld in Sources */ = {isa = PBXBuildFile; fileRef = 61518D02245330D300011BB4 /* Mraz.xcdatamodeld */; };
		61518D06245330D300011BB4 /* ContentView.swift in Sources */ = {isa = PBXBuildFile; fileRef = 61518D05245330D300011BB4 /* ContentView.swift */; };
		61518D08245330D900011BB4 /* Assets.xcassets in Resources */ = {isa = PBXBuildFile; fileRef = 61518D07245330D900011BB4 /* Assets.xcassets */; };
		61518D0B245330D900011BB4 /* Preview Assets.xcassets in Resources */ = {isa = PBXBuildFile; fileRef = 61518D0A245330D900011BB4 /* Preview Assets.xcassets */; };
		61518D0E245330D900011BB4 /* LaunchScreen.storyboard in Resources */ = {isa = PBXBuildFile; fileRef = 61518D0C245330D900011BB4 /* LaunchScreen.storyboard */; };
		61518D2B245334E500011BB4 /* ReadFromCoreData.swift in Sources */ = {isa = PBXBuildFile; fileRef = 61518D2A245334E500011BB4 /* ReadFromCoreData.swift */; };
		61518D2D245334EE00011BB4 /* WriteToCoreData.swift in Sources */ = {isa = PBXBuildFile; fileRef = 61518D2C245334EE00011BB4 /* WriteToCoreData.swift */; };
		61518D2F2453351200011BB4 /* CoreDataManager.swift in Sources */ = {isa = PBXBuildFile; fileRef = 61518D2E2453351200011BB4 /* CoreDataManager.swift */; };
		61518D34245338D600011BB4 /* UIFont+additions.swift in Sources */ = {isa = PBXBuildFile; fileRef = 61518D33245338D600011BB4 /* UIFont+additions.swift */; };
		61518D36245338EA00011BB4 /* UICollectionView+additions.swift in Sources */ = {isa = PBXBuildFile; fileRef = 61518D35245338EA00011BB4 /* UICollectionView+additions.swift */; };
		61518D382453390800011BB4 /* NSCollectionLayoutSection+ComposedLayouts.swift in Sources */ = {isa = PBXBuildFile; fileRef = 61518D372453390800011BB4 /* NSCollectionLayoutSection+ComposedLayouts.swift */; };
		61518D3A24533A1200011BB4 /* EntityName.swift in Sources */ = {isa = PBXBuildFile; fileRef = 61518D3924533A1200011BB4 /* EntityName.swift */; };
		61518D3F24533B1C00011BB4 /* BeerListCell.swift in Sources */ = {isa = PBXBuildFile; fileRef = 61518D3E24533B1C00011BB4 /* BeerListCell.swift */; };
		61518D4124533BA600011BB4 /* AgeVerificationView.swift in Sources */ = {isa = PBXBuildFile; fileRef = 61518D4024533BA600011BB4 /* AgeVerificationView.swift */; };
		61518D4324533BED00011BB4 /* AgeVerificationViewController.swift in Sources */ = {isa = PBXBuildFile; fileRef = 61518D4224533BED00011BB4 /* AgeVerificationViewController.swift */; };
		61518D4524533FEB00011BB4 /* Constants.swift in Sources */ = {isa = PBXBuildFile; fileRef = 61518D4424533FEB00011BB4 /* Constants.swift */; };
		61518D49245365B100011BB4 /* TabBarController.swift in Sources */ = {isa = PBXBuildFile; fileRef = 61518D48245365B100011BB4 /* TabBarController.swift */; };
		61518D4C24536F9000011BB4 /* BeerListViewController.swift in Sources */ = {isa = PBXBuildFile; fileRef = 61518D4B24536F9000011BB4 /* BeerListViewController.swift */; };
		61518D5A24577A9100011BB4 /* ReadFromCloudKit.swift in Sources */ = {isa = PBXBuildFile; fileRef = 61518D5924577A9100011BB4 /* ReadFromCloudKit.swift */; };
		61518D5E24577BCE00011BB4 /* CloudKit.swift in Sources */ = {isa = PBXBuildFile; fileRef = 61518D5D24577BCE00011BB4 /* CloudKit.swift */; };
		615D13C424C90A6B002EDE30 /* NotificationCenter.swift in Sources */ = {isa = PBXBuildFile; fileRef = 615D13C324C90A6B002EDE30 /* NotificationCenter.swift */; };
		616FB9EC24C1070A00ECBA95 /* AppContext.swift in Sources */ = {isa = PBXBuildFile; fileRef = 616FB9EB24C1070A00ECBA95 /* AppContext.swift */; };
		616FB9EE24C109AF00ECBA95 /* OnboardingFlow.swift in Sources */ = {isa = PBXBuildFile; fileRef = 616FB9ED24C109AF00ECBA95 /* OnboardingFlow.swift */; };
		617DDA1E2461B1A500BA86B9 /* CloudKitTests.swift in Sources */ = {isa = PBXBuildFile; fileRef = 617DDA1D2461B1A500BA86B9 /* CloudKitTests.swift */; };
		617DDA202461B1B100BA86B9 /* CoreDataTests.swift in Sources */ = {isa = PBXBuildFile; fileRef = 617DDA1F2461B1B100BA86B9 /* CoreDataTests.swift */; };
		617DDA222461B25B00BA86B9 /* CKError+additions.swift in Sources */ = {isa = PBXBuildFile; fileRef = 617DDA212461B25B00BA86B9 /* CKError+additions.swift */; };
		617DDA252461BAF900BA86B9 /* CoreDataUnitTestHelpers.swift in Sources */ = {isa = PBXBuildFile; fileRef = 617DDA242461BAF900BA86B9 /* CoreDataUnitTestHelpers.swift */; };
		617DDA2C24648A5000BA86B9 /* Beers+CoreDataClass.swift in Sources */ = {isa = PBXBuildFile; fileRef = 617DDA2824648A5000BA86B9 /* Beers+CoreDataClass.swift */; };
		617DDA2D24648A5000BA86B9 /* Beers+CoreDataProperties.swift in Sources */ = {isa = PBXBuildFile; fileRef = 617DDA2924648A5000BA86B9 /* Beers+CoreDataProperties.swift */; };
		617DDA2E24648A5000BA86B9 /* ModifiedRecords+CoreDataClass.swift in Sources */ = {isa = PBXBuildFile; fileRef = 617DDA2A24648A5000BA86B9 /* ModifiedRecords+CoreDataClass.swift */; };
		617DDA2F24648A5000BA86B9 /* ModifiedRecords+CoreDataProperties.swift in Sources */ = {isa = PBXBuildFile; fileRef = 617DDA2B24648A5000BA86B9 /* ModifiedRecords+CoreDataProperties.swift */; };
		617F82D7246B67C8006195F0 /* BeerInfoViewController.swift in Sources */ = {isa = PBXBuildFile; fileRef = 617F82D6246B67C8006195F0 /* BeerInfoViewController.swift */; };
		617F82D9246B6815006195F0 /* BeerInfoView.swift in Sources */ = {isa = PBXBuildFile; fileRef = 617F82D8246B6815006195F0 /* BeerInfoView.swift */; };
		617F82DE246C6C0A006195F0 /* Networking.swift in Sources */ = {isa = PBXBuildFile; fileRef = 617F82DD246C6C0A006195F0 /* Networking.swift */; };
		617F82E0246C6C3C006195F0 /* RequestProviding.swift in Sources */ = {isa = PBXBuildFile; fileRef = 617F82DF246C6C3C006195F0 /* RequestProviding.swift */; };
		617F82E2246C6C67006195F0 /* Endpoint.swift in Sources */ = {isa = PBXBuildFile; fileRef = 617F82E1246C6C67006195F0 /* Endpoint.swift */; };
		617F82E4246C6E7B006195F0 /* NearbyRestaurantsGP.swift in Sources */ = {isa = PBXBuildFile; fileRef = 617F82E3246C6E7B006195F0 /* NearbyRestaurantsGP.swift */; };
		617F82E6246C7557006195F0 /* GetNearbyRestaurants.swift in Sources */ = {isa = PBXBuildFile; fileRef = 617F82E5246C7557006195F0 /* GetNearbyRestaurants.swift */; };
		617F82E8246C75B1006195F0 /* LocalRestaurants.swift in Sources */ = {isa = PBXBuildFile; fileRef = 617F82E7246C75B1006195F0 /* LocalRestaurants.swift */; };
		617F82EE246C7FBC006195F0 /* APIError.swift in Sources */ = {isa = PBXBuildFile; fileRef = 617F82ED246C7FBC006195F0 /* APIError.swift */; };
		617F82F0246C802A006195F0 /* JSONErrors.swift in Sources */ = {isa = PBXBuildFile; fileRef = 617F82EF246C802A006195F0 /* JSONErrors.swift */; };
		617F82F3246CB4AA006195F0 /* NearbyResponseFactory.swift in Sources */ = {isa = PBXBuildFile; fileRef = 617F82F2246CB4A9006195F0 /* NearbyResponseFactory.swift */; };
		617F82F5246CB709006195F0 /* LocationsServiceTest.swift in Sources */ = {isa = PBXBuildFile; fileRef = 617F82F4246CB709006195F0 /* LocationsServiceTest.swift */; };
		617F82F7246CB769006195F0 /* MockNetworking.swift in Sources */ = {isa = PBXBuildFile; fileRef = 617F82F6246CB769006195F0 /* MockNetworking.swift */; };
		617F82F9246CBB27006195F0 /* LocationsService.swift in Sources */ = {isa = PBXBuildFile; fileRef = 617F82F8246CBB27006195F0 /* LocationsService.swift */; };
		617F82FB246D931E006195F0 /* Restaurant.swift in Sources */ = {isa = PBXBuildFile; fileRef = 617F82FA246D931E006195F0 /* Restaurant.swift */; };
		617F82FF246D9485006195F0 /* MapViewModelController.swift in Sources */ = {isa = PBXBuildFile; fileRef = 617F82FE246D9485006195F0 /* MapViewModelController.swift */; };
		617F8301246DF06A006195F0 /* LocationManager.swift in Sources */ = {isa = PBXBuildFile; fileRef = 617F8300246DF06A006195F0 /* LocationManager.swift */; };
		617F8303246DF144006195F0 /* Authorization.swift in Sources */ = {isa = PBXBuildFile; fileRef = 617F8302246DF144006195F0 /* Authorization.swift */; };
		617F8305246DFA2B006195F0 /* NotificationManager.swift in Sources */ = {isa = PBXBuildFile; fileRef = 617F8304246DFA2B006195F0 /* NotificationManager.swift */; };
		617F8307246E0519006195F0 /* Geofencing.swift in Sources */ = {isa = PBXBuildFile; fileRef = 617F8306246E0519006195F0 /* Geofencing.swift */; };
		61805D932457B6F0003EC9FE /* Integer+additions.swift in Sources */ = {isa = PBXBuildFile; fileRef = 61805D922457B6F0003EC9FE /* Integer+additions.swift */; };
		61805D99245875EE003EC9FE /* CloudKitManager.swift in Sources */ = {isa = PBXBuildFile; fileRef = 61805D98245875EE003EC9FE /* CloudKitManager.swift */; };
		61805D9B24587940003EC9FE /* Section.swift in Sources */ = {isa = PBXBuildFile; fileRef = 61805D9A24587940003EC9FE /* Section.swift */; };
		61805DA024587F37003EC9FE /* Errors.swift in Sources */ = {isa = PBXBuildFile; fileRef = 61805D9F24587F37003EC9FE /* Errors.swift */; };
		61805DA42458A8B5003EC9FE /* CloudKit.framework in Frameworks */ = {isa = PBXBuildFile; fileRef = 61805DA32458A8B5003EC9FE /* CloudKit.framework */; };
		6186F4DC245B1CB7007BAB37 /* BeerListHeaderView.swift in Sources */ = {isa = PBXBuildFile; fileRef = 6186F4DB245B1CB7007BAB37 /* BeerListHeaderView.swift */; };
		6186F4E1245C6990007BAB37 /* CKRecord+additions.swift in Sources */ = {isa = PBXBuildFile; fileRef = 6186F4E0245C6990007BAB37 /* CKRecord+additions.swift */; };
		6186F4EC245CC09F007BAB37 /* Alerts.swift in Sources */ = {isa = PBXBuildFile; fileRef = 6186F4EB245CC09F007BAB37 /* Alerts.swift */; };
		6186F4F5245CF44B007BAB37 /* Location.swift in Sources */ = {isa = PBXBuildFile; fileRef = 6186F4F4245CF44B007BAB37 /* Location.swift */; };
		6186F4F7245CF867007BAB37 /* MapViewController.swift in Sources */ = {isa = PBXBuildFile; fileRef = 6186F4F6245CF867007BAB37 /* MapViewController.swift */; };
		6186F4F9245D0156007BAB37 /* Images.swift in Sources */ = {isa = PBXBuildFile; fileRef = 6186F4F8245D0156007BAB37 /* Images.swift */; };
		6186F4FB245DF623007BAB37 /* HomeViewController.swift in Sources */ = {isa = PBXBuildFile; fileRef = 6186F4FA245DF623007BAB37 /* HomeViewController.swift */; };
		6186F4FE2460BAE7007BAB37 /* BeerModel.swift in Sources */ = {isa = PBXBuildFile; fileRef = 6186F4FD2460BAE7007BAB37 /* BeerModel.swift */; };
		6186F5032460E4BB007BAB37 /* RecordsChangedProtocol.swift in Sources */ = {isa = PBXBuildFile; fileRef = 6186F5022460E4BB007BAB37 /* RecordsChangedProtocol.swift */; };
		61BD6BE82465DC37000D4193 /* BreweryDataView.swift in Sources */ = {isa = PBXBuildFile; fileRef = 61BD6BE72465DC37000D4193 /* BreweryDataView.swift */; };
		61BD6BEA2465E378000D4193 /* OnTapCell.swift in Sources */ = {isa = PBXBuildFile; fileRef = 61BD6BE92465E378000D4193 /* OnTapCell.swift */; };
		61BD6BEC246612FB000D4193 /* OnTapHeaderView.swift in Sources */ = {isa = PBXBuildFile; fileRef = 61BD6BEB246612FB000D4193 /* OnTapHeaderView.swift */; };
		61DF121E24BFCCF1003ABD84 /* UserDefaults+additions.swift in Sources */ = {isa = PBXBuildFile; fileRef = 61DF121D24BFCCF1003ABD84 /* UserDefaults+additions.swift */; };
		61DF122024BFD144003ABD84 /* GlobalTypealiases.swift in Sources */ = {isa = PBXBuildFile; fileRef = 61DF121F24BFD144003ABD84 /* GlobalTypealiases.swift */; };
		61DF122224BFD177003ABD84 /* AppFlow.swift in Sources */ = {isa = PBXBuildFile; fileRef = 61DF122124BFD177003ABD84 /* AppFlow.swift */; };
/* End PBXBuildFile section */

/* Begin PBXContainerItemProxy section */
		61518D15245330D900011BB4 /* PBXContainerItemProxy */ = {
			isa = PBXContainerItemProxy;
			containerPortal = 61518CF3245330D300011BB4 /* Project object */;
			proxyType = 1;
			remoteGlobalIDString = 61518CFA245330D300011BB4;
			remoteInfo = Mraz;
		};
/* End PBXContainerItemProxy section */

/* Begin PBXFileReference section */
		6142515B24BAC1E400258BD8 /* FavroiteBeerNotification.swift */ = {isa = PBXFileReference; lastKnownFileType = sourcecode.swift; path = FavroiteBeerNotification.swift; sourceTree = "<group>"; };
		6142515D24BB913300258BD8 /* GeofencingManager.swift */ = {isa = PBXFileReference; lastKnownFileType = sourcecode.swift; path = GeofencingManager.swift; sourceTree = "<group>"; };
		6142516424BBA18300258BD8 /* OnboardingView.swift */ = {isa = PBXFileReference; lastKnownFileType = sourcecode.swift; path = OnboardingView.swift; sourceTree = "<group>"; };
		6142516624BBC14B00258BD8 /* ViewController+Onboarding.swift */ = {isa = PBXFileReference; lastKnownFileType = sourcecode.swift; path = "ViewController+Onboarding.swift"; sourceTree = "<group>"; };
		6142516A24BD29E200258BD8 /* OnboardingModel.swift */ = {isa = PBXFileReference; lastKnownFileType = sourcecode.swift; path = OnboardingModel.swift; sourceTree = "<group>"; };
		614251D224BE1EBB00258BD8 /* OnboardingScrollViewController.swift */ = {isa = PBXFileReference; lastKnownFileType = sourcecode.swift; path = OnboardingScrollViewController.swift; sourceTree = "<group>"; };
		6147A12D2469B310000508FE /* OnTapModel.swift */ = {isa = PBXFileReference; lastKnownFileType = sourcecode.swift; path = OnTapModel.swift; sourceTree = "<group>"; };
		6147A130246AF57E000508FE /* UIButton+additions.swift */ = {isa = PBXFileReference; lastKnownFileType = sourcecode.swift; path = "UIButton+additions.swift"; sourceTree = "<group>"; };
		6147A132246B3D38000508FE /* SocialMediaIconsStackView.swift */ = {isa = PBXFileReference; lastKnownFileType = sourcecode.swift; path = SocialMediaIconsStackView.swift; sourceTree = "<group>"; };
		6147A134246B41EA000508FE /* ContactIconsStackView.swift */ = {isa = PBXFileReference; lastKnownFileType = sourcecode.swift; path = ContactIconsStackView.swift; sourceTree = "<group>"; };
		6147A136246B467D000508FE /* Contact.swift */ = {isa = PBXFileReference; lastKnownFileType = sourcecode.swift; path = Contact.swift; sourceTree = "<group>"; };
		61518CFB245330D300011BB4 /* Mraz.app */ = {isa = PBXFileReference; explicitFileType = wrapper.application; includeInIndex = 0; path = Mraz.app; sourceTree = BUILT_PRODUCTS_DIR; };
		61518CFE245330D300011BB4 /* AppDelegate.swift */ = {isa = PBXFileReference; lastKnownFileType = sourcecode.swift; path = AppDelegate.swift; sourceTree = "<group>"; };
		61518D00245330D300011BB4 /* SceneDelegate.swift */ = {isa = PBXFileReference; lastKnownFileType = sourcecode.swift; path = SceneDelegate.swift; sourceTree = "<group>"; };
		61518D03245330D300011BB4 /* Mraz.xcdatamodel */ = {isa = PBXFileReference; lastKnownFileType = wrapper.xcdatamodel; path = Mraz.xcdatamodel; sourceTree = "<group>"; };
		61518D05245330D300011BB4 /* ContentView.swift */ = {isa = PBXFileReference; lastKnownFileType = sourcecode.swift; path = ContentView.swift; sourceTree = "<group>"; };
		61518D07245330D900011BB4 /* Assets.xcassets */ = {isa = PBXFileReference; lastKnownFileType = folder.assetcatalog; path = Assets.xcassets; sourceTree = "<group>"; };
		61518D0A245330D900011BB4 /* Preview Assets.xcassets */ = {isa = PBXFileReference; lastKnownFileType = folder.assetcatalog; path = "Preview Assets.xcassets"; sourceTree = "<group>"; };
		61518D0D245330D900011BB4 /* Base */ = {isa = PBXFileReference; lastKnownFileType = file.storyboard; name = Base; path = Base.lproj/LaunchScreen.storyboard; sourceTree = "<group>"; };
		61518D0F245330D900011BB4 /* Info.plist */ = {isa = PBXFileReference; lastKnownFileType = text.plist.xml; path = Info.plist; sourceTree = "<group>"; };
		61518D14245330D900011BB4 /* MrazTests.xctest */ = {isa = PBXFileReference; explicitFileType = wrapper.cfbundle; includeInIndex = 0; path = MrazTests.xctest; sourceTree = BUILT_PRODUCTS_DIR; };
		61518D1A245330D900011BB4 /* Info.plist */ = {isa = PBXFileReference; lastKnownFileType = text.plist.xml; path = Info.plist; sourceTree = "<group>"; };
		61518D2A245334E500011BB4 /* ReadFromCoreData.swift */ = {isa = PBXFileReference; lastKnownFileType = sourcecode.swift; path = ReadFromCoreData.swift; sourceTree = "<group>"; };
		61518D2C245334EE00011BB4 /* WriteToCoreData.swift */ = {isa = PBXFileReference; lastKnownFileType = sourcecode.swift; path = WriteToCoreData.swift; sourceTree = "<group>"; };
		61518D2E2453351200011BB4 /* CoreDataManager.swift */ = {isa = PBXFileReference; lastKnownFileType = sourcecode.swift; path = CoreDataManager.swift; sourceTree = "<group>"; };
		61518D33245338D600011BB4 /* UIFont+additions.swift */ = {isa = PBXFileReference; lastKnownFileType = sourcecode.swift; path = "UIFont+additions.swift"; sourceTree = "<group>"; };
		61518D35245338EA00011BB4 /* UICollectionView+additions.swift */ = {isa = PBXFileReference; lastKnownFileType = sourcecode.swift; path = "UICollectionView+additions.swift"; sourceTree = "<group>"; };
		61518D372453390800011BB4 /* NSCollectionLayoutSection+ComposedLayouts.swift */ = {isa = PBXFileReference; lastKnownFileType = sourcecode.swift; path = "NSCollectionLayoutSection+ComposedLayouts.swift"; sourceTree = "<group>"; };
		61518D3924533A1200011BB4 /* EntityName.swift */ = {isa = PBXFileReference; lastKnownFileType = sourcecode.swift; path = EntityName.swift; sourceTree = "<group>"; };
		61518D3E24533B1C00011BB4 /* BeerListCell.swift */ = {isa = PBXFileReference; lastKnownFileType = sourcecode.swift; path = BeerListCell.swift; sourceTree = "<group>"; };
		61518D4024533BA600011BB4 /* AgeVerificationView.swift */ = {isa = PBXFileReference; lastKnownFileType = sourcecode.swift; path = AgeVerificationView.swift; sourceTree = "<group>"; };
		61518D4224533BED00011BB4 /* AgeVerificationViewController.swift */ = {isa = PBXFileReference; lastKnownFileType = sourcecode.swift; name = AgeVerificationViewController.swift; path = ../../Controllers/ViewControllers/AgeVerificationViewController.swift; sourceTree = "<group>"; };
		61518D4424533FEB00011BB4 /* Constants.swift */ = {isa = PBXFileReference; lastKnownFileType = sourcecode.swift; path = Constants.swift; sourceTree = "<group>"; };
		61518D48245365B100011BB4 /* TabBarController.swift */ = {isa = PBXFileReference; lastKnownFileType = sourcecode.swift; path = TabBarController.swift; sourceTree = "<group>"; };
		61518D4B24536F9000011BB4 /* BeerListViewController.swift */ = {isa = PBXFileReference; lastKnownFileType = sourcecode.swift; path = BeerListViewController.swift; sourceTree = "<group>"; };
		61518D5924577A9100011BB4 /* ReadFromCloudKit.swift */ = {isa = PBXFileReference; lastKnownFileType = sourcecode.swift; path = ReadFromCloudKit.swift; sourceTree = "<group>"; };
		61518D5D24577BCE00011BB4 /* CloudKit.swift */ = {isa = PBXFileReference; lastKnownFileType = sourcecode.swift; path = CloudKit.swift; sourceTree = "<group>"; };
		615D13C324C90A6B002EDE30 /* NotificationCenter.swift */ = {isa = PBXFileReference; lastKnownFileType = sourcecode.swift; path = NotificationCenter.swift; sourceTree = "<group>"; };
		616FB9EB24C1070A00ECBA95 /* AppContext.swift */ = {isa = PBXFileReference; lastKnownFileType = sourcecode.swift; path = AppContext.swift; sourceTree = "<group>"; };
		616FB9ED24C109AF00ECBA95 /* OnboardingFlow.swift */ = {isa = PBXFileReference; lastKnownFileType = sourcecode.swift; path = OnboardingFlow.swift; sourceTree = "<group>"; };
		617DDA1D2461B1A500BA86B9 /* CloudKitTests.swift */ = {isa = PBXFileReference; lastKnownFileType = sourcecode.swift; path = CloudKitTests.swift; sourceTree = "<group>"; };
		617DDA1F2461B1B100BA86B9 /* CoreDataTests.swift */ = {isa = PBXFileReference; lastKnownFileType = sourcecode.swift; path = CoreDataTests.swift; sourceTree = "<group>"; };
		617DDA212461B25B00BA86B9 /* CKError+additions.swift */ = {isa = PBXFileReference; lastKnownFileType = sourcecode.swift; path = "CKError+additions.swift"; sourceTree = "<group>"; };
		617DDA242461BAF900BA86B9 /* CoreDataUnitTestHelpers.swift */ = {isa = PBXFileReference; lastKnownFileType = sourcecode.swift; path = CoreDataUnitTestHelpers.swift; sourceTree = "<group>"; };
		617DDA2824648A5000BA86B9 /* Beers+CoreDataClass.swift */ = {isa = PBXFileReference; lastKnownFileType = sourcecode.swift; path = "Beers+CoreDataClass.swift"; sourceTree = "<group>"; };
		617DDA2924648A5000BA86B9 /* Beers+CoreDataProperties.swift */ = {isa = PBXFileReference; lastKnownFileType = sourcecode.swift; path = "Beers+CoreDataProperties.swift"; sourceTree = "<group>"; };
		617DDA2A24648A5000BA86B9 /* ModifiedRecords+CoreDataClass.swift */ = {isa = PBXFileReference; lastKnownFileType = sourcecode.swift; path = "ModifiedRecords+CoreDataClass.swift"; sourceTree = "<group>"; };
		617DDA2B24648A5000BA86B9 /* ModifiedRecords+CoreDataProperties.swift */ = {isa = PBXFileReference; lastKnownFileType = sourcecode.swift; path = "ModifiedRecords+CoreDataProperties.swift"; sourceTree = "<group>"; };
		617F82D6246B67C8006195F0 /* BeerInfoViewController.swift */ = {isa = PBXFileReference; lastKnownFileType = sourcecode.swift; path = BeerInfoViewController.swift; sourceTree = "<group>"; };
		617F82D8246B6815006195F0 /* BeerInfoView.swift */ = {isa = PBXFileReference; lastKnownFileType = sourcecode.swift; path = BeerInfoView.swift; sourceTree = "<group>"; };
		617F82DD246C6C0A006195F0 /* Networking.swift */ = {isa = PBXFileReference; lastKnownFileType = sourcecode.swift; path = Networking.swift; sourceTree = "<group>"; };
		617F82DF246C6C3C006195F0 /* RequestProviding.swift */ = {isa = PBXFileReference; lastKnownFileType = sourcecode.swift; path = RequestProviding.swift; sourceTree = "<group>"; };
		617F82E1246C6C67006195F0 /* Endpoint.swift */ = {isa = PBXFileReference; lastKnownFileType = sourcecode.swift; path = Endpoint.swift; sourceTree = "<group>"; };
		617F82E3246C6E7B006195F0 /* NearbyRestaurantsGP.swift */ = {isa = PBXFileReference; lastKnownFileType = sourcecode.swift; path = NearbyRestaurantsGP.swift; sourceTree = "<group>"; };
		617F82E5246C7557006195F0 /* GetNearbyRestaurants.swift */ = {isa = PBXFileReference; lastKnownFileType = sourcecode.swift; path = GetNearbyRestaurants.swift; sourceTree = "<group>"; };
		617F82E7246C75B1006195F0 /* LocalRestaurants.swift */ = {isa = PBXFileReference; lastKnownFileType = sourcecode.swift; path = LocalRestaurants.swift; sourceTree = "<group>"; };
		617F82ED246C7FBC006195F0 /* APIError.swift */ = {isa = PBXFileReference; lastKnownFileType = sourcecode.swift; path = APIError.swift; sourceTree = "<group>"; };
		617F82EF246C802A006195F0 /* JSONErrors.swift */ = {isa = PBXFileReference; lastKnownFileType = sourcecode.swift; path = JSONErrors.swift; sourceTree = "<group>"; };
		617F82F2246CB4A9006195F0 /* NearbyResponseFactory.swift */ = {isa = PBXFileReference; lastKnownFileType = sourcecode.swift; path = NearbyResponseFactory.swift; sourceTree = "<group>"; };
		617F82F4246CB709006195F0 /* LocationsServiceTest.swift */ = {isa = PBXFileReference; lastKnownFileType = sourcecode.swift; path = LocationsServiceTest.swift; sourceTree = "<group>"; };
		617F82F6246CB769006195F0 /* MockNetworking.swift */ = {isa = PBXFileReference; lastKnownFileType = sourcecode.swift; path = MockNetworking.swift; sourceTree = "<group>"; };
		617F82F8246CBB27006195F0 /* LocationsService.swift */ = {isa = PBXFileReference; lastKnownFileType = sourcecode.swift; path = LocationsService.swift; sourceTree = "<group>"; };
		617F82FA246D931E006195F0 /* Restaurant.swift */ = {isa = PBXFileReference; lastKnownFileType = sourcecode.swift; path = Restaurant.swift; sourceTree = "<group>"; };
		617F82FE246D9485006195F0 /* MapViewModelController.swift */ = {isa = PBXFileReference; lastKnownFileType = sourcecode.swift; path = MapViewModelController.swift; sourceTree = "<group>"; };
		617F8300246DF06A006195F0 /* LocationManager.swift */ = {isa = PBXFileReference; lastKnownFileType = sourcecode.swift; path = LocationManager.swift; sourceTree = "<group>"; };
		617F8302246DF144006195F0 /* Authorization.swift */ = {isa = PBXFileReference; lastKnownFileType = sourcecode.swift; path = Authorization.swift; sourceTree = "<group>"; };
		617F8304246DFA2B006195F0 /* NotificationManager.swift */ = {isa = PBXFileReference; lastKnownFileType = sourcecode.swift; path = NotificationManager.swift; sourceTree = "<group>"; };
		617F8306246E0519006195F0 /* Geofencing.swift */ = {isa = PBXFileReference; lastKnownFileType = sourcecode.swift; path = Geofencing.swift; sourceTree = "<group>"; };
		61805D922457B6F0003EC9FE /* Integer+additions.swift */ = {isa = PBXFileReference; lastKnownFileType = sourcecode.swift; path = "Integer+additions.swift"; sourceTree = "<group>"; };
		61805D98245875EE003EC9FE /* CloudKitManager.swift */ = {isa = PBXFileReference; lastKnownFileType = sourcecode.swift; path = CloudKitManager.swift; sourceTree = "<group>"; };
		61805D9A24587940003EC9FE /* Section.swift */ = {isa = PBXFileReference; lastKnownFileType = sourcecode.swift; path = Section.swift; sourceTree = "<group>"; };
		61805D9F24587F37003EC9FE /* Errors.swift */ = {isa = PBXFileReference; lastKnownFileType = sourcecode.swift; path = Errors.swift; sourceTree = "<group>"; };
		61805DA12458A8B0003EC9FE /* Mraz.entitlements */ = {isa = PBXFileReference; lastKnownFileType = text.plist.entitlements; path = Mraz.entitlements; sourceTree = "<group>"; };
		61805DA32458A8B5003EC9FE /* CloudKit.framework */ = {isa = PBXFileReference; lastKnownFileType = wrapper.framework; name = CloudKit.framework; path = System/Library/Frameworks/CloudKit.framework; sourceTree = SDKROOT; };
		6186F4DB245B1CB7007BAB37 /* BeerListHeaderView.swift */ = {isa = PBXFileReference; lastKnownFileType = sourcecode.swift; path = BeerListHeaderView.swift; sourceTree = "<group>"; };
		6186F4E0245C6990007BAB37 /* CKRecord+additions.swift */ = {isa = PBXFileReference; lastKnownFileType = sourcecode.swift; path = "CKRecord+additions.swift"; sourceTree = "<group>"; };
		6186F4EB245CC09F007BAB37 /* Alerts.swift */ = {isa = PBXFileReference; lastKnownFileType = sourcecode.swift; path = Alerts.swift; sourceTree = "<group>"; };
		6186F4F4245CF44B007BAB37 /* Location.swift */ = {isa = PBXFileReference; lastKnownFileType = sourcecode.swift; path = Location.swift; sourceTree = "<group>"; };
		6186F4F6245CF867007BAB37 /* MapViewController.swift */ = {isa = PBXFileReference; lastKnownFileType = sourcecode.swift; path = MapViewController.swift; sourceTree = "<group>"; };
		6186F4F8245D0156007BAB37 /* Images.swift */ = {isa = PBXFileReference; lastKnownFileType = sourcecode.swift; path = Images.swift; sourceTree = "<group>"; };
		6186F4FA245DF623007BAB37 /* HomeViewController.swift */ = {isa = PBXFileReference; lastKnownFileType = sourcecode.swift; path = HomeViewController.swift; sourceTree = "<group>"; };
		6186F4FD2460BAE7007BAB37 /* BeerModel.swift */ = {isa = PBXFileReference; lastKnownFileType = sourcecode.swift; path = BeerModel.swift; sourceTree = "<group>"; };
		6186F5022460E4BB007BAB37 /* RecordsChangedProtocol.swift */ = {isa = PBXFileReference; lastKnownFileType = sourcecode.swift; path = RecordsChangedProtocol.swift; sourceTree = "<group>"; };
		61BD6BE72465DC37000D4193 /* BreweryDataView.swift */ = {isa = PBXFileReference; lastKnownFileType = sourcecode.swift; path = BreweryDataView.swift; sourceTree = "<group>"; };
		61BD6BE92465E378000D4193 /* OnTapCell.swift */ = {isa = PBXFileReference; lastKnownFileType = sourcecode.swift; path = OnTapCell.swift; sourceTree = "<group>"; };
		61BD6BEB246612FB000D4193 /* OnTapHeaderView.swift */ = {isa = PBXFileReference; lastKnownFileType = sourcecode.swift; path = OnTapHeaderView.swift; sourceTree = "<group>"; };
		61DF121D24BFCCF1003ABD84 /* UserDefaults+additions.swift */ = {isa = PBXFileReference; lastKnownFileType = sourcecode.swift; path = "UserDefaults+additions.swift"; sourceTree = "<group>"; };
		61DF121F24BFD144003ABD84 /* GlobalTypealiases.swift */ = {isa = PBXFileReference; lastKnownFileType = sourcecode.swift; path = GlobalTypealiases.swift; sourceTree = "<group>"; };
		61DF122124BFD177003ABD84 /* AppFlow.swift */ = {isa = PBXFileReference; lastKnownFileType = sourcecode.swift; path = AppFlow.swift; sourceTree = "<group>"; };
/* End PBXFileReference section */

/* Begin PBXFrameworksBuildPhase section */
		61518CF8245330D300011BB4 /* Frameworks */ = {
			isa = PBXFrameworksBuildPhase;
			buildActionMask = 2147483647;
			files = (
				61805DA42458A8B5003EC9FE /* CloudKit.framework in Frameworks */,
			);
			runOnlyForDeploymentPostprocessing = 0;
		};
		61518D11245330D900011BB4 /* Frameworks */ = {
			isa = PBXFrameworksBuildPhase;
			buildActionMask = 2147483647;
			files = (
			);
			runOnlyForDeploymentPostprocessing = 0;
		};
/* End PBXFrameworksBuildPhase section */

/* Begin PBXGroup section */
		6142515A24BAC1CD00258BD8 /* Notifications */ = {
			isa = PBXGroup;
			children = (
				617F8304246DFA2B006195F0 /* NotificationManager.swift */,
				6142515B24BAC1E400258BD8 /* FavroiteBeerNotification.swift */,
				615D13C324C90A6B002EDE30 /* NotificationCenter.swift */,
			);
			path = Notifications;
			sourceTree = "<group>";
		};
		6142515F24BB961F00258BD8 /* UserLocation */ = {
			isa = PBXGroup;
			children = (
				617F8300246DF06A006195F0 /* LocationManager.swift */,
				6142515D24BB913300258BD8 /* GeofencingManager.swift */,
			);
			path = UserLocation;
			sourceTree = "<group>";
		};
		6142516324BBA15500258BD8 /* Onboarding */ = {
			isa = PBXGroup;
			children = (
				61F8C7FB24C37123002EF57E /* Flow */,
				614251D424BE61DA00258BD8 /* Model */,
				614251D524BE61DF00258BD8 /* Views */,
				614251D624BE61E400258BD8 /* Controllers */,
			);
			path = Onboarding;
			sourceTree = "<group>";
		};
		614251D424BE61DA00258BD8 /* Model */ = {
			isa = PBXGroup;
			children = (
				6142516A24BD29E200258BD8 /* OnboardingModel.swift */,
			);
			path = Model;
			sourceTree = "<group>";
		};
		614251D524BE61DF00258BD8 /* Views */ = {
			isa = PBXGroup;
			children = (
				61518D4024533BA600011BB4 /* AgeVerificationView.swift */,
				6142516424BBA18300258BD8 /* OnboardingView.swift */,
			);
			path = Views;
			sourceTree = "<group>";
		};
		614251D624BE61E400258BD8 /* Controllers */ = {
			isa = PBXGroup;
			children = (
				61518D4224533BED00011BB4 /* AgeVerificationViewController.swift */,
				6142516624BBC14B00258BD8 /* ViewController+Onboarding.swift */,
				614251D224BE1EBB00258BD8 /* OnboardingScrollViewController.swift */,
			);
			path = Controllers;
			sourceTree = "<group>";
		};
		6147A12F2469D148000508FE /* HeaderViews */ = {
			isa = PBXGroup;
			children = (
				6186F4DB245B1CB7007BAB37 /* BeerListHeaderView.swift */,
				61BD6BEB246612FB000D4193 /* OnTapHeaderView.swift */,
			);
			path = HeaderViews;
			sourceTree = "<group>";
		};
		61518CF2245330D300011BB4 = {
			isa = PBXGroup;
			children = (
				61518CFD245330D300011BB4 /* Mraz */,
				61518D17245330D900011BB4 /* MrazTests */,
				61518CFC245330D300011BB4 /* Products */,
				61805DA22458A8B5003EC9FE /* Frameworks */,
			);
			sourceTree = "<group>";
		};
		61518CFC245330D300011BB4 /* Products */ = {
			isa = PBXGroup;
			children = (
				61518CFB245330D300011BB4 /* Mraz.app */,
				61518D14245330D900011BB4 /* MrazTests.xctest */,
			);
			name = Products;
			sourceTree = "<group>";
		};
		61518CFD245330D300011BB4 /* Mraz */ = {
			isa = PBXGroup;
			children = (
				61DF121F24BFD144003ABD84 /* GlobalTypealiases.swift */,
				61F8C7FE24C5022F002EF57E /* AppFlow */,
				6142516324BBA15500258BD8 /* Onboarding */,
				61805DA12458A8B0003EC9FE /* Mraz.entitlements */,
				61518D0F245330D900011BB4 /* Info.plist */,
				61518D252453343000011BB4 /* Resources */,
				617F82DC246C6BC8006195F0 /* NetworkLayer */,
				61518D232453341E00011BB4 /* Models */,
				61518D262453344A00011BB4 /* Views */,
				61518D272453345400011BB4 /* Controllers */,
				61518D30245338AA00011BB4 /* Utilities */,
				61518D09245330D900011BB4 /* Preview Content */,
			);
			path = Mraz;
			sourceTree = "<group>";
		};
		61518D09245330D900011BB4 /* Preview Content */ = {
			isa = PBXGroup;
			children = (
				61518D0A245330D900011BB4 /* Preview Assets.xcassets */,
			);
			path = "Preview Content";
			sourceTree = "<group>";
		};
		61518D17245330D900011BB4 /* MrazTests */ = {
			isa = PBXGroup;
			children = (
				61518D1A245330D900011BB4 /* Info.plist */,
				617F82F1246CB3BB006195F0 /* NetworkTests */,
				617DDA232461BADE00BA86B9 /* CoreDataTests */,
				617F82FD246D93DC006195F0 /* CloudKitTests */,
			);
			path = MrazTests;
			sourceTree = "<group>";
		};
		61518D232453341E00011BB4 /* Models */ = {
			isa = PBXGroup;
			children = (
				617F82FC246D93A2006195F0 /* LocalModels */,
				617F82EB246C7F64006195F0 /* CodableModels */,
				61518D3B24533A9200011BB4 /* CloudKit */,
				61518D242453342500011BB4 /* CoreData */,
			);
			path = Models;
			sourceTree = "<group>";
		};
		61518D242453342500011BB4 /* CoreData */ = {
			isa = PBXGroup;
			children = (
				61518D282453346D00011BB4 /* API */,
				61518D292453347600011BB4 /* NSManagedObjectSubclasses */,
				61518D02245330D300011BB4 /* Mraz.xcdatamodeld */,
			);
			path = CoreData;
			sourceTree = "<group>";
		};
		61518D252453343000011BB4 /* Resources */ = {
			isa = PBXGroup;
			children = (
				61518D05245330D300011BB4 /* ContentView.swift */,
				61518D07245330D900011BB4 /* Assets.xcassets */,
				61518CFE245330D300011BB4 /* AppDelegate.swift */,
				61518D00245330D300011BB4 /* SceneDelegate.swift */,
				61518D0C245330D900011BB4 /* LaunchScreen.storyboard */,
			);
			path = Resources;
			sourceTree = "<group>";
		};
		61518D262453344A00011BB4 /* Views */ = {
			isa = PBXGroup;
			children = (
				617F82DB246B697B006195F0 /* IconsBlock */,
				6186F4DA245B1CA8007BAB37 /* CollectionView */,
				61BD6BE72465DC37000D4193 /* BreweryDataView.swift */,
				617F82D8246B6815006195F0 /* BeerInfoView.swift */,
			);
			path = Views;
			sourceTree = "<group>";
		};
		61518D272453345400011BB4 /* Controllers */ = {
			isa = PBXGroup;
			children = (
				61518D4A24536CE900011BB4 /* TabBarController */,
				61518D4D24536FD200011BB4 /* ViewControllers */,
			);
			path = Controllers;
			sourceTree = "<group>";
		};
		61518D282453346D00011BB4 /* API */ = {
			isa = PBXGroup;
			children = (
				61518D2E2453351200011BB4 /* CoreDataManager.swift */,
				61518D2A245334E500011BB4 /* ReadFromCoreData.swift */,
				61518D2C245334EE00011BB4 /* WriteToCoreData.swift */,
			);
			path = API;
			sourceTree = "<group>";
		};
		61518D292453347600011BB4 /* NSManagedObjectSubclasses */ = {
			isa = PBXGroup;
			children = (
				617DDA2824648A5000BA86B9 /* Beers+CoreDataClass.swift */,
				617DDA2924648A5000BA86B9 /* Beers+CoreDataProperties.swift */,
				617DDA2A24648A5000BA86B9 /* ModifiedRecords+CoreDataClass.swift */,
				617DDA2B24648A5000BA86B9 /* ModifiedRecords+CoreDataProperties.swift */,
			);
			path = NSManagedObjectSubclasses;
			sourceTree = "<group>";
		};
		61518D30245338AA00011BB4 /* Utilities */ = {
			isa = PBXGroup;
			children = (
				6147A136246B467D000508FE /* Contact.swift */,
				6142515F24BB961F00258BD8 /* UserLocation */,
				6142515A24BAC1CD00258BD8 /* Notifications */,
				617F82EC246C7FB2006195F0 /* Errors */,
				6186F4E4245CA8EC007BAB37 /* UserDefaults */,
				61518D32245338BF00011BB4 /* Extensions */,
				61518D31245338BA00011BB4 /* Enums */,
			);
			path = Utilities;
			sourceTree = "<group>";
		};
		61518D31245338BA00011BB4 /* Enums */ = {
			isa = PBXGroup;
			children = (
				6186F4EB245CC09F007BAB37 /* Alerts.swift */,
				61518D3924533A1200011BB4 /* EntityName.swift */,
				61518D4424533FEB00011BB4 /* Constants.swift */,
				61518D5D24577BCE00011BB4 /* CloudKit.swift */,
				61805D9A24587940003EC9FE /* Section.swift */,
				61805D9F24587F37003EC9FE /* Errors.swift */,
				6186F4F4245CF44B007BAB37 /* Location.swift */,
				6186F4F8245D0156007BAB37 /* Images.swift */,
				617F8302246DF144006195F0 /* Authorization.swift */,
				617F8306246E0519006195F0 /* Geofencing.swift */,
			);
			path = Enums;
			sourceTree = "<group>";
		};
		61518D32245338BF00011BB4 /* Extensions */ = {
			isa = PBXGroup;
			children = (
				61518D33245338D600011BB4 /* UIFont+additions.swift */,
				61518D35245338EA00011BB4 /* UICollectionView+additions.swift */,
				61518D372453390800011BB4 /* NSCollectionLayoutSection+ComposedLayouts.swift */,
				61805D922457B6F0003EC9FE /* Integer+additions.swift */,
				6186F4E0245C6990007BAB37 /* CKRecord+additions.swift */,
				617DDA212461B25B00BA86B9 /* CKError+additions.swift */,
				6147A130246AF57E000508FE /* UIButton+additions.swift */,
			);
			path = Extensions;
			sourceTree = "<group>";
		};
		61518D3B24533A9200011BB4 /* CloudKit */ = {
			isa = PBXGroup;
			children = (
				6186F4FD2460BAE7007BAB37 /* BeerModel.swift */,
				6147A12D2469B310000508FE /* OnTapModel.swift */,
				61518D5824577A8800011BB4 /* API */,
			);
			path = CloudKit;
			sourceTree = "<group>";
		};
		61518D3D24533B0E00011BB4 /* Cells */ = {
			isa = PBXGroup;
			children = (
				61518D3E24533B1C00011BB4 /* BeerListCell.swift */,
				61BD6BE92465E378000D4193 /* OnTapCell.swift */,
			);
			path = Cells;
			sourceTree = "<group>";
		};
		61518D4A24536CE900011BB4 /* TabBarController */ = {
			isa = PBXGroup;
			children = (
				61518D48245365B100011BB4 /* TabBarController.swift */,
			);
			path = TabBarController;
			sourceTree = "<group>";
		};
		61518D4D24536FD200011BB4 /* ViewControllers */ = {
			isa = PBXGroup;
			children = (
				6186F4FA245DF623007BAB37 /* HomeViewController.swift */,
				61518D4B24536F9000011BB4 /* BeerListViewController.swift */,
				617F82D6246B67C8006195F0 /* BeerInfoViewController.swift */,
				6186F4F6245CF867007BAB37 /* MapViewController.swift */,
				617F82FE246D9485006195F0 /* MapViewModelController.swift */,
			);
			path = ViewControllers;
			sourceTree = "<group>";
		};
		61518D5824577A8800011BB4 /* API */ = {
			isa = PBXGroup;
			children = (
				6186F5012460E484007BAB37 /* Sync */,
				61805D98245875EE003EC9FE /* CloudKitManager.swift */,
				61518D5924577A9100011BB4 /* ReadFromCloudKit.swift */,
			);
			path = API;
			sourceTree = "<group>";
		};
		617DDA232461BADE00BA86B9 /* CoreDataTests */ = {
			isa = PBXGroup;
			children = (
				617DDA242461BAF900BA86B9 /* CoreDataUnitTestHelpers.swift */,
				617DDA1F2461B1B100BA86B9 /* CoreDataTests.swift */,
			);
			path = CoreDataTests;
			sourceTree = "<group>";
		};
		617F82DB246B697B006195F0 /* IconsBlock */ = {
			isa = PBXGroup;
			children = (
				6147A132246B3D38000508FE /* SocialMediaIconsStackView.swift */,
				6147A134246B41EA000508FE /* ContactIconsStackView.swift */,
			);
			path = IconsBlock;
			sourceTree = "<group>";
		};
		617F82DC246C6BC8006195F0 /* NetworkLayer */ = {
			isa = PBXGroup;
			children = (
				617F82EA246C7E18006195F0 /* Network */,
				617F82E9246C7DF9006195F0 /* Restaurants */,
			);
			path = NetworkLayer;
			sourceTree = "<group>";
		};
		617F82E9246C7DF9006195F0 /* Restaurants */ = {
			isa = PBXGroup;
			children = (
				617F82E3246C6E7B006195F0 /* NearbyRestaurantsGP.swift */,
				617F82E5246C7557006195F0 /* GetNearbyRestaurants.swift */,
			);
			path = Restaurants;
			sourceTree = "<group>";
		};
		617F82EA246C7E18006195F0 /* Network */ = {
			isa = PBXGroup;
			children = (
				617F82DD246C6C0A006195F0 /* Networking.swift */,
				617F82DF246C6C3C006195F0 /* RequestProviding.swift */,
				617F82E1246C6C67006195F0 /* Endpoint.swift */,
			);
			path = Network;
			sourceTree = "<group>";
		};
		617F82EB246C7F64006195F0 /* CodableModels */ = {
			isa = PBXGroup;
			children = (
				617F82E7246C75B1006195F0 /* LocalRestaurants.swift */,
			);
			path = CodableModels;
			sourceTree = "<group>";
		};
		617F82EC246C7FB2006195F0 /* Errors */ = {
			isa = PBXGroup;
			children = (
				617F82ED246C7FBC006195F0 /* APIError.swift */,
				617F82EF246C802A006195F0 /* JSONErrors.swift */,
			);
			path = Errors;
			sourceTree = "<group>";
		};
		617F82F1246CB3BB006195F0 /* NetworkTests */ = {
			isa = PBXGroup;
			children = (
				617F82F6246CB769006195F0 /* MockNetworking.swift */,
				617F82F2246CB4A9006195F0 /* NearbyResponseFactory.swift */,
				617F82F8246CBB27006195F0 /* LocationsService.swift */,
				617F82F4246CB709006195F0 /* LocationsServiceTest.swift */,
			);
			path = NetworkTests;
			sourceTree = "<group>";
		};
		617F82FC246D93A2006195F0 /* LocalModels */ = {
			isa = PBXGroup;
			children = (
				617F82FA246D931E006195F0 /* Restaurant.swift */,
			);
			path = LocalModels;
			sourceTree = "<group>";
		};
		617F82FD246D93DC006195F0 /* CloudKitTests */ = {
			isa = PBXGroup;
			children = (
				617DDA1D2461B1A500BA86B9 /* CloudKitTests.swift */,
			);
			path = CloudKitTests;
			sourceTree = "<group>";
		};
		61805DA22458A8B5003EC9FE /* Frameworks */ = {
			isa = PBXGroup;
			children = (
				61805DA32458A8B5003EC9FE /* CloudKit.framework */,
			);
			name = Frameworks;
			sourceTree = "<group>";
		};
		6186F4DA245B1CA8007BAB37 /* CollectionView */ = {
			isa = PBXGroup;
			children = (
				6147A12F2469D148000508FE /* HeaderViews */,
				61518D3D24533B0E00011BB4 /* Cells */,
			);
			path = CollectionView;
			sourceTree = "<group>";
		};
		6186F4E4245CA8EC007BAB37 /* UserDefaults */ = {
			isa = PBXGroup;
			children = (
				61DF121D24BFCCF1003ABD84 /* UserDefaults+additions.swift */,
			);
			path = UserDefaults;
			sourceTree = "<group>";
		};
		6186F5012460E484007BAB37 /* Sync */ = {
			isa = PBXGroup;
			children = (
				6186F5022460E4BB007BAB37 /* RecordsChangedProtocol.swift */,
			);
			path = Sync;
			sourceTree = "<group>";
		};
		61F8C7FB24C37123002EF57E /* Flow */ = {
			isa = PBXGroup;
			children = (
				616FB9ED24C109AF00ECBA95 /* OnboardingFlow.swift */,
			);
			path = Flow;
			sourceTree = "<group>";
		};
		61F8C7FE24C5022F002EF57E /* AppFlow */ = {
			isa = PBXGroup;
			children = (
				616FB9EB24C1070A00ECBA95 /* AppContext.swift */,
				61DF122124BFD177003ABD84 /* AppFlow.swift */,
			);
			path = AppFlow;
			sourceTree = "<group>";
		};
/* End PBXGroup section */

/* Begin PBXNativeTarget section */
		61518CFA245330D300011BB4 /* Mraz */ = {
			isa = PBXNativeTarget;
			buildConfigurationList = 61518D1D245330D900011BB4 /* Build configuration list for PBXNativeTarget "Mraz" */;
			buildPhases = (
				61518CF7245330D300011BB4 /* Sources */,
				61518CF8245330D300011BB4 /* Frameworks */,
				61518CF9245330D300011BB4 /* Resources */,
				6186F4FC24606C59007BAB37 /* ShellScript */,
			);
			buildRules = (
			);
			dependencies = (
			);
			name = Mraz;
			productName = Mraz;
			productReference = 61518CFB245330D300011BB4 /* Mraz.app */;
			productType = "com.apple.product-type.application";
		};
		61518D13245330D900011BB4 /* MrazTests */ = {
			isa = PBXNativeTarget;
			buildConfigurationList = 61518D20245330D900011BB4 /* Build configuration list for PBXNativeTarget "MrazTests" */;
			buildPhases = (
				61518D10245330D900011BB4 /* Sources */,
				61518D11245330D900011BB4 /* Frameworks */,
				61518D12245330D900011BB4 /* Resources */,
			);
			buildRules = (
			);
			dependencies = (
				61518D16245330D900011BB4 /* PBXTargetDependency */,
			);
			name = MrazTests;
			productName = MrazTests;
			productReference = 61518D14245330D900011BB4 /* MrazTests.xctest */;
			productType = "com.apple.product-type.bundle.unit-test";
		};
/* End PBXNativeTarget section */

/* Begin PBXProject section */
		61518CF3245330D300011BB4 /* Project object */ = {
			isa = PBXProject;
			attributes = {
				LastSwiftUpdateCheck = 1140;
				LastUpgradeCheck = 1140;
				ORGANIZATIONNAME = DylanMcCarthy;
				TargetAttributes = {
					61518CFA245330D300011BB4 = {
						CreatedOnToolsVersion = 11.4.1;
					};
					61518D13245330D900011BB4 = {
						CreatedOnToolsVersion = 11.4.1;
						TestTargetID = 61518CFA245330D300011BB4;
					};
				};
			};
			buildConfigurationList = 61518CF6245330D300011BB4 /* Build configuration list for PBXProject "Mraz" */;
			compatibilityVersion = "Xcode 9.3";
			developmentRegion = en;
			hasScannedForEncodings = 0;
			knownRegions = (
				en,
				Base,
			);
			mainGroup = 61518CF2245330D300011BB4;
			productRefGroup = 61518CFC245330D300011BB4 /* Products */;
			projectDirPath = "";
			projectRoot = "";
			targets = (
				61518CFA245330D300011BB4 /* Mraz */,
				61518D13245330D900011BB4 /* MrazTests */,
			);
		};
/* End PBXProject section */

/* Begin PBXResourcesBuildPhase section */
		61518CF9245330D300011BB4 /* Resources */ = {
			isa = PBXResourcesBuildPhase;
			buildActionMask = 2147483647;
			files = (
				61518D0E245330D900011BB4 /* LaunchScreen.storyboard in Resources */,
				61518D0B245330D900011BB4 /* Preview Assets.xcassets in Resources */,
				61518D08245330D900011BB4 /* Assets.xcassets in Resources */,
			);
			runOnlyForDeploymentPostprocessing = 0;
		};
		61518D12245330D900011BB4 /* Resources */ = {
			isa = PBXResourcesBuildPhase;
			buildActionMask = 2147483647;
			files = (
			);
			runOnlyForDeploymentPostprocessing = 0;
		};
/* End PBXResourcesBuildPhase section */

/* Begin PBXShellScriptBuildPhase section */
		6186F4FC24606C59007BAB37 /* ShellScript */ = {
			isa = PBXShellScriptBuildPhase;
			buildActionMask = 2147483647;
			files = (
			);
			inputFileListPaths = (
			);
			inputPaths = (
			);
			outputFileListPaths = (
			);
			outputPaths = (
			);
			runOnlyForDeploymentPostprocessing = 0;
			shellPath = /bin/sh;
			shellScript = "if which swiftlint >/dev/null; then\n  swiftlint\nelse\necho \"warning: SwiftLint not installed, download from https://github.com/realm/SwiftLint\"\nfi\n";
		};
/* End PBXShellScriptBuildPhase section */

/* Begin PBXSourcesBuildPhase section */
		61518CF7245330D300011BB4 /* Sources */ = {
			isa = PBXSourcesBuildPhase;
			buildActionMask = 2147483647;
			files = (
				617DDA2C24648A5000BA86B9 /* Beers+CoreDataClass.swift in Sources */,
				61518D34245338D600011BB4 /* UIFont+additions.swift in Sources */,
				61DF121E24BFCCF1003ABD84 /* UserDefaults+additions.swift in Sources */,
				61DF122024BFD144003ABD84 /* GlobalTypealiases.swift in Sources */,
				6186F4DC245B1CB7007BAB37 /* BeerListHeaderView.swift in Sources */,
				61518D49245365B100011BB4 /* TabBarController.swift in Sources */,
				61518D3A24533A1200011BB4 /* EntityName.swift in Sources */,
				6147A135246B41EA000508FE /* ContactIconsStackView.swift in Sources */,
				617F82F0246C802A006195F0 /* JSONErrors.swift in Sources */,
				61518D04245330D300011BB4 /* Mraz.xcdatamodeld in Sources */,
				6186F4FB245DF623007BAB37 /* HomeViewController.swift in Sources */,
				61518D5E24577BCE00011BB4 /* CloudKit.swift in Sources */,
				617F82E2246C6C67006195F0 /* Endpoint.swift in Sources */,
				61DF122224BFD177003ABD84 /* AppFlow.swift in Sources */,
				617F82FB246D931E006195F0 /* Restaurant.swift in Sources */,
				6142516B24BD29E200258BD8 /* OnboardingModel.swift in Sources */,
				617F82E4246C6E7B006195F0 /* NearbyRestaurantsGP.swift in Sources */,
				61518D4324533BED00011BB4 /* AgeVerificationViewController.swift in Sources */,
				61805D9B24587940003EC9FE /* Section.swift in Sources */,
				6186F4E1245C6990007BAB37 /* CKRecord+additions.swift in Sources */,
				617F8303246DF144006195F0 /* Authorization.swift in Sources */,
				6186F4F7245CF867007BAB37 /* MapViewController.swift in Sources */,
				615D13C424C90A6B002EDE30 /* NotificationCenter.swift in Sources */,
				617F82FF246D9485006195F0 /* MapViewModelController.swift in Sources */,
				6142516524BBA18300258BD8 /* OnboardingView.swift in Sources */,
				61518D382453390800011BB4 /* NSCollectionLayoutSection+ComposedLayouts.swift in Sources */,
				61518D4524533FEB00011BB4 /* Constants.swift in Sources */,
				61518CFF245330D300011BB4 /* AppDelegate.swift in Sources */,
				617F82E0246C6C3C006195F0 /* RequestProviding.swift in Sources */,
				6147A137246B467D000508FE /* Contact.swift in Sources */,
				61518D5A24577A9100011BB4 /* ReadFromCloudKit.swift in Sources */,
				617DDA222461B25B00BA86B9 /* CKError+additions.swift in Sources */,
				61518D2B245334E500011BB4 /* ReadFromCoreData.swift in Sources */,
				6147A131246AF57E000508FE /* UIButton+additions.swift in Sources */,
				61518D4C24536F9000011BB4 /* BeerListViewController.swift in Sources */,
				61BD6BEC246612FB000D4193 /* OnTapHeaderView.swift in Sources */,
				614251D324BE1EBB00258BD8 /* OnboardingScrollViewController.swift in Sources */,
				617F8307246E0519006195F0 /* Geofencing.swift in Sources */,
				61805D99245875EE003EC9FE /* CloudKitManager.swift in Sources */,
				61518D06245330D300011BB4 /* ContentView.swift in Sources */,
				61805D932457B6F0003EC9FE /* Integer+additions.swift in Sources */,
				617F82D9246B6815006195F0 /* BeerInfoView.swift in Sources */,
				61BD6BE82465DC37000D4193 /* BreweryDataView.swift in Sources */,
				61518D01245330D300011BB4 /* SceneDelegate.swift in Sources */,
				616FB9EE24C109AF00ECBA95 /* OnboardingFlow.swift in Sources */,
				61805DA024587F37003EC9FE /* Errors.swift in Sources */,
				617F82EE246C7FBC006195F0 /* APIError.swift in Sources */,
				6142515C24BAC1E400258BD8 /* FavroiteBeerNotification.swift in Sources */,
				6186F4F9245D0156007BAB37 /* Images.swift in Sources */,
				6142515E24BB913300258BD8 /* GeofencingManager.swift in Sources */,
				61518D2F2453351200011BB4 /* CoreDataManager.swift in Sources */,
				61518D36245338EA00011BB4 /* UICollectionView+additions.swift in Sources */,
				617DDA2F24648A5000BA86B9 /* ModifiedRecords+CoreDataProperties.swift in Sources */,
				6186F5032460E4BB007BAB37 /* RecordsChangedProtocol.swift in Sources */,
				617DDA2D24648A5000BA86B9 /* Beers+CoreDataProperties.swift in Sources */,
				617F82E6246C7557006195F0 /* GetNearbyRestaurants.swift in Sources */,
				61518D2D245334EE00011BB4 /* WriteToCoreData.swift in Sources */,
				617F8301246DF06A006195F0 /* LocationManager.swift in Sources */,
				616FB9EC24C1070A00ECBA95 /* AppContext.swift in Sources */,
				6186F4EC245CC09F007BAB37 /* Alerts.swift in Sources */,
				61518D3F24533B1C00011BB4 /* BeerListCell.swift in Sources */,
				6186F4FE2460BAE7007BAB37 /* BeerModel.swift in Sources */,
				617F82D7246B67C8006195F0 /* BeerInfoViewController.swift in Sources */,
				6186F4F5245CF44B007BAB37 /* Location.swift in Sources */,
				61518D4124533BA600011BB4 /* AgeVerificationView.swift in Sources */,
				617F82E8246C75B1006195F0 /* LocalRestaurants.swift in Sources */,
				6147A133246B3D38000508FE /* SocialMediaIconsStackView.swift in Sources */,
				617F82DE246C6C0A006195F0 /* Networking.swift in Sources */,
				61BD6BEA2465E378000D4193 /* OnTapCell.swift in Sources */,
				6147A12E2469B310000508FE /* OnTapModel.swift in Sources */,
				617F8305246DFA2B006195F0 /* NotificationManager.swift in Sources */,
				6142516724BBC14B00258BD8 /* ViewController+Onboarding.swift in Sources */,
				617DDA2E24648A5000BA86B9 /* ModifiedRecords+CoreDataClass.swift in Sources */,
			);
			runOnlyForDeploymentPostprocessing = 0;
		};
		61518D10245330D900011BB4 /* Sources */ = {
			isa = PBXSourcesBuildPhase;
			buildActionMask = 2147483647;
			files = (
				617F82F5246CB709006195F0 /* LocationsServiceTest.swift in Sources */,
				617DDA1E2461B1A500BA86B9 /* CloudKitTests.swift in Sources */,
				617F82F3246CB4AA006195F0 /* NearbyResponseFactory.swift in Sources */,
				617DDA252461BAF900BA86B9 /* CoreDataUnitTestHelpers.swift in Sources */,
				617F82F7246CB769006195F0 /* MockNetworking.swift in Sources */,
				617F82F9246CBB27006195F0 /* LocationsService.swift in Sources */,
				617DDA202461B1B100BA86B9 /* CoreDataTests.swift in Sources */,
			);
			runOnlyForDeploymentPostprocessing = 0;
		};
/* End PBXSourcesBuildPhase section */

/* Begin PBXTargetDependency section */
		61518D16245330D900011BB4 /* PBXTargetDependency */ = {
			isa = PBXTargetDependency;
			target = 61518CFA245330D300011BB4 /* Mraz */;
			targetProxy = 61518D15245330D900011BB4 /* PBXContainerItemProxy */;
		};
/* End PBXTargetDependency section */

/* Begin PBXVariantGroup section */
		61518D0C245330D900011BB4 /* LaunchScreen.storyboard */ = {
			isa = PBXVariantGroup;
			children = (
				61518D0D245330D900011BB4 /* Base */,
			);
			name = LaunchScreen.storyboard;
			sourceTree = "<group>";
		};
/* End PBXVariantGroup section */

/* Begin XCBuildConfiguration section */
		61518D1B245330D900011BB4 /* Debug */ = {
			isa = XCBuildConfiguration;
			buildSettings = {
				ALWAYS_SEARCH_USER_PATHS = NO;
				CLANG_ANALYZER_NONNULL = YES;
				CLANG_ANALYZER_NUMBER_OBJECT_CONVERSION = YES_AGGRESSIVE;
				CLANG_CXX_LANGUAGE_STANDARD = "gnu++14";
				CLANG_CXX_LIBRARY = "libc++";
				CLANG_ENABLE_MODULES = YES;
				CLANG_ENABLE_OBJC_ARC = YES;
				CLANG_ENABLE_OBJC_WEAK = YES;
				CLANG_WARN_BLOCK_CAPTURE_AUTORELEASING = YES;
				CLANG_WARN_BOOL_CONVERSION = YES;
				CLANG_WARN_COMMA = YES;
				CLANG_WARN_CONSTANT_CONVERSION = YES;
				CLANG_WARN_DEPRECATED_OBJC_IMPLEMENTATIONS = YES;
				CLANG_WARN_DIRECT_OBJC_ISA_USAGE = YES_ERROR;
				CLANG_WARN_DOCUMENTATION_COMMENTS = YES;
				CLANG_WARN_EMPTY_BODY = YES;
				CLANG_WARN_ENUM_CONVERSION = YES;
				CLANG_WARN_INFINITE_RECURSION = YES;
				CLANG_WARN_INT_CONVERSION = YES;
				CLANG_WARN_NON_LITERAL_NULL_CONVERSION = YES;
				CLANG_WARN_OBJC_IMPLICIT_RETAIN_SELF = YES;
				CLANG_WARN_OBJC_LITERAL_CONVERSION = YES;
				CLANG_WARN_OBJC_ROOT_CLASS = YES_ERROR;
				CLANG_WARN_RANGE_LOOP_ANALYSIS = YES;
				CLANG_WARN_STRICT_PROTOTYPES = YES;
				CLANG_WARN_SUSPICIOUS_MOVE = YES;
				CLANG_WARN_UNGUARDED_AVAILABILITY = YES_AGGRESSIVE;
				CLANG_WARN_UNREACHABLE_CODE = YES;
				CLANG_WARN__DUPLICATE_METHOD_MATCH = YES;
				COPY_PHASE_STRIP = NO;
				DEBUG_INFORMATION_FORMAT = dwarf;
				ENABLE_STRICT_OBJC_MSGSEND = YES;
				ENABLE_TESTABILITY = YES;
				GCC_C_LANGUAGE_STANDARD = gnu11;
				GCC_DYNAMIC_NO_PIC = NO;
				GCC_NO_COMMON_BLOCKS = YES;
				GCC_OPTIMIZATION_LEVEL = 0;
				GCC_PREPROCESSOR_DEFINITIONS = (
					"DEBUG=1",
					"$(inherited)",
				);
				GCC_WARN_64_TO_32_BIT_CONVERSION = YES;
				GCC_WARN_ABOUT_RETURN_TYPE = YES_ERROR;
				GCC_WARN_UNDECLARED_SELECTOR = YES;
				GCC_WARN_UNINITIALIZED_AUTOS = YES_AGGRESSIVE;
				GCC_WARN_UNUSED_FUNCTION = YES;
				GCC_WARN_UNUSED_VARIABLE = YES;
				IPHONEOS_DEPLOYMENT_TARGET = 13.0;
				MTL_ENABLE_DEBUG_INFO = INCLUDE_SOURCE;
				MTL_FAST_MATH = YES;
				ONLY_ACTIVE_ARCH = YES;
				SDKROOT = iphoneos;
				SWIFT_ACTIVE_COMPILATION_CONDITIONS = DEBUG;
				SWIFT_OPTIMIZATION_LEVEL = "-Onone";
			};
			name = Debug;
		};
		61518D1C245330D900011BB4 /* Release */ = {
			isa = XCBuildConfiguration;
			buildSettings = {
				ALWAYS_SEARCH_USER_PATHS = NO;
				CLANG_ANALYZER_NONNULL = YES;
				CLANG_ANALYZER_NUMBER_OBJECT_CONVERSION = YES_AGGRESSIVE;
				CLANG_CXX_LANGUAGE_STANDARD = "gnu++14";
				CLANG_CXX_LIBRARY = "libc++";
				CLANG_ENABLE_MODULES = YES;
				CLANG_ENABLE_OBJC_ARC = YES;
				CLANG_ENABLE_OBJC_WEAK = YES;
				CLANG_WARN_BLOCK_CAPTURE_AUTORELEASING = YES;
				CLANG_WARN_BOOL_CONVERSION = YES;
				CLANG_WARN_COMMA = YES;
				CLANG_WARN_CONSTANT_CONVERSION = YES;
				CLANG_WARN_DEPRECATED_OBJC_IMPLEMENTATIONS = YES;
				CLANG_WARN_DIRECT_OBJC_ISA_USAGE = YES_ERROR;
				CLANG_WARN_DOCUMENTATION_COMMENTS = YES;
				CLANG_WARN_EMPTY_BODY = YES;
				CLANG_WARN_ENUM_CONVERSION = YES;
				CLANG_WARN_INFINITE_RECURSION = YES;
				CLANG_WARN_INT_CONVERSION = YES;
				CLANG_WARN_NON_LITERAL_NULL_CONVERSION = YES;
				CLANG_WARN_OBJC_IMPLICIT_RETAIN_SELF = YES;
				CLANG_WARN_OBJC_LITERAL_CONVERSION = YES;
				CLANG_WARN_OBJC_ROOT_CLASS = YES_ERROR;
				CLANG_WARN_RANGE_LOOP_ANALYSIS = YES;
				CLANG_WARN_STRICT_PROTOTYPES = YES;
				CLANG_WARN_SUSPICIOUS_MOVE = YES;
				CLANG_WARN_UNGUARDED_AVAILABILITY = YES_AGGRESSIVE;
				CLANG_WARN_UNREACHABLE_CODE = YES;
				CLANG_WARN__DUPLICATE_METHOD_MATCH = YES;
				COPY_PHASE_STRIP = NO;
				DEBUG_INFORMATION_FORMAT = "dwarf-with-dsym";
				ENABLE_NS_ASSERTIONS = NO;
				ENABLE_STRICT_OBJC_MSGSEND = YES;
				GCC_C_LANGUAGE_STANDARD = gnu11;
				GCC_NO_COMMON_BLOCKS = YES;
				GCC_WARN_64_TO_32_BIT_CONVERSION = YES;
				GCC_WARN_ABOUT_RETURN_TYPE = YES_ERROR;
				GCC_WARN_UNDECLARED_SELECTOR = YES;
				GCC_WARN_UNINITIALIZED_AUTOS = YES_AGGRESSIVE;
				GCC_WARN_UNUSED_FUNCTION = YES;
				GCC_WARN_UNUSED_VARIABLE = YES;
				IPHONEOS_DEPLOYMENT_TARGET = 13.0;
				MTL_ENABLE_DEBUG_INFO = NO;
				MTL_FAST_MATH = YES;
				SDKROOT = iphoneos;
				SWIFT_COMPILATION_MODE = wholemodule;
				SWIFT_OPTIMIZATION_LEVEL = "-O";
				VALIDATE_PRODUCT = YES;
			};
			name = Release;
		};
		61518D1E245330D900011BB4 /* Debug */ = {
			isa = XCBuildConfiguration;
			buildSettings = {
				ASSETCATALOG_COMPILER_APPICON_NAME = AppIcon;
				CODE_SIGN_ENTITLEMENTS = Mraz/Mraz.entitlements;
				CODE_SIGN_STYLE = Automatic;
				DEVELOPMENT_ASSET_PATHS = "\"Mraz/Preview Content\"";
				DEVELOPMENT_TEAM = 3K8HM9CR5K;
				ENABLE_PREVIEWS = YES;
				INFOPLIST_FILE = Mraz/Info.plist;
				LD_RUNPATH_SEARCH_PATHS = (
					"$(inherited)",
					"@executable_path/Frameworks",
				);
				PRODUCT_BUNDLE_IDENTIFIER = com.dylanmccarthyios.Mraz;
				PRODUCT_NAME = "$(TARGET_NAME)";
				SWIFT_VERSION = 5.0;
				TARGETED_DEVICE_FAMILY = "1,2";
			};
			name = Debug;
		};
		61518D1F245330D900011BB4 /* Release */ = {
			isa = XCBuildConfiguration;
			buildSettings = {
				ASSETCATALOG_COMPILER_APPICON_NAME = AppIcon;
				CODE_SIGN_ENTITLEMENTS = Mraz/Mraz.entitlements;
				CODE_SIGN_STYLE = Automatic;
				DEVELOPMENT_ASSET_PATHS = "\"Mraz/Preview Content\"";
				DEVELOPMENT_TEAM = 3K8HM9CR5K;
				ENABLE_PREVIEWS = YES;
				INFOPLIST_FILE = Mraz/Info.plist;
				LD_RUNPATH_SEARCH_PATHS = (
					"$(inherited)",
					"@executable_path/Frameworks",
				);
				PRODUCT_BUNDLE_IDENTIFIER = com.dylanmccarthyios.Mraz;
				PRODUCT_NAME = "$(TARGET_NAME)";
				SWIFT_VERSION = 5.0;
				TARGETED_DEVICE_FAMILY = "1,2";
			};
			name = Release;
		};
		61518D21245330D900011BB4 /* Debug */ = {
			isa = XCBuildConfiguration;
			buildSettings = {
				ALWAYS_EMBED_SWIFT_STANDARD_LIBRARIES = YES;
				BUNDLE_LOADER = "$(TEST_HOST)";
				CODE_SIGN_STYLE = Automatic;
				DEVELOPMENT_TEAM = 3K8HM9CR5K;
				INFOPLIST_FILE = MrazTests/Info.plist;
				IPHONEOS_DEPLOYMENT_TARGET = 13.4;
				LD_RUNPATH_SEARCH_PATHS = (
					"$(inherited)",
					"@executable_path/Frameworks",
					"@loader_path/Frameworks",
				);
				PRODUCT_BUNDLE_IDENTIFIER = com.dylanmccarthyios.MrazTests;
				PRODUCT_NAME = "$(TARGET_NAME)";
				SWIFT_VERSION = 5.0;
				TARGETED_DEVICE_FAMILY = "1,2";
				TEST_HOST = "$(BUILT_PRODUCTS_DIR)/Mraz.app/Mraz";
			};
			name = Debug;
		};
		61518D22245330D900011BB4 /* Release */ = {
			isa = XCBuildConfiguration;
			buildSettings = {
				ALWAYS_EMBED_SWIFT_STANDARD_LIBRARIES = YES;
				BUNDLE_LOADER = "$(TEST_HOST)";
				CODE_SIGN_STYLE = Automatic;
				DEVELOPMENT_TEAM = 3K8HM9CR5K;
				INFOPLIST_FILE = MrazTests/Info.plist;
				IPHONEOS_DEPLOYMENT_TARGET = 13.4;
				LD_RUNPATH_SEARCH_PATHS = (
					"$(inherited)",
					"@executable_path/Frameworks",
					"@loader_path/Frameworks",
				);
				PRODUCT_BUNDLE_IDENTIFIER = com.dylanmccarthyios.MrazTests;
				PRODUCT_NAME = "$(TARGET_NAME)";
				SWIFT_VERSION = 5.0;
				TARGETED_DEVICE_FAMILY = "1,2";
				TEST_HOST = "$(BUILT_PRODUCTS_DIR)/Mraz.app/Mraz";
			};
			name = Release;
		};
/* End XCBuildConfiguration section */

/* Begin XCConfigurationList section */
		61518CF6245330D300011BB4 /* Build configuration list for PBXProject "Mraz" */ = {
			isa = XCConfigurationList;
			buildConfigurations = (
				61518D1B245330D900011BB4 /* Debug */,
				61518D1C245330D900011BB4 /* Release */,
			);
			defaultConfigurationIsVisible = 0;
			defaultConfigurationName = Release;
		};
		61518D1D245330D900011BB4 /* Build configuration list for PBXNativeTarget "Mraz" */ = {
			isa = XCConfigurationList;
			buildConfigurations = (
				61518D1E245330D900011BB4 /* Debug */,
				61518D1F245330D900011BB4 /* Release */,
			);
			defaultConfigurationIsVisible = 0;
			defaultConfigurationName = Release;
		};
		61518D20245330D900011BB4 /* Build configuration list for PBXNativeTarget "MrazTests" */ = {
			isa = XCConfigurationList;
			buildConfigurations = (
				61518D21245330D900011BB4 /* Debug */,
				61518D22245330D900011BB4 /* Release */,
			);
			defaultConfigurationIsVisible = 0;
			defaultConfigurationName = Release;
		};
/* End XCConfigurationList section */

/* Begin XCVersionGroup section */
		61518D02245330D300011BB4 /* Mraz.xcdatamodeld */ = {
			isa = XCVersionGroup;
			children = (
				61518D03245330D300011BB4 /* Mraz.xcdatamodel */,
			);
			currentVersion = 61518D03245330D300011BB4 /* Mraz.xcdatamodel */;
			path = Mraz.xcdatamodeld;
			sourceTree = "<group>";
			versionGroupType = wrapper.xcdatamodel;
		};
/* End XCVersionGroup section */
	};
	rootObject = 61518CF3245330D300011BB4 /* Project object */;
}
